
Microsoft Visual Studio Solution File, Format Version 12.00
# Visual Studio Version 17
VisualStudioVersion = 17.6.33723.286
MinimumVisualStudioVersion = 10.0.40219.1
Project("{FAE04EC0-301F-11D3-BF4B-00C04F79EFBC}") = "WebApplication1", "WebApplication1\WebApplication1.csproj", "{8B2C2E59-2898-4AA2-BBFB-DCBAA9980621}"
EndProject
Global
	GlobalSection(SolutionConfigurationPlatforms) = preSolution
		Debug|Any CPU = Debug|Any CPU
		Release|Any CPU = Release|Any CPU
	EndGlobalSection
	GlobalSection(ProjectConfigurationPlatforms) = postSolution
		{8B2C2E59-2898-4AA2-BBFB-DCBAA9980621}.Debug|Any CPU.ActiveCfg = Debug|Any CPU
		{8B2C2E59-2898-4AA2-BBFB-DCBAA9980621}.Debug|Any CPU.Build.0 = Debug|Any CPU
		{8B2C2E59-2898-4AA2-BBFB-DCBAA9980621}.Release|Any CPU.ActiveCfg = Release|Any CPU
		{8B2C2E59-2898-4AA2-BBFB-DCBAA9980621}.Release|Any CPU.Build.0 = Release|Any CPU
	EndGlobalSection
	GlobalSection(SolutionProperties) = preSolution
		HideSolutionNode = FALSE
	EndGlobalSection
	GlobalSection(ExtensibilityGlobals) = postSolution
		SolutionGuid = {1B5D133F-F9DA-4648-8DBC-4267315422A3}
	EndGlobalSection
EndGlobal
